// !$*UTF8*$!
{
	archiveVersion = 1;
	classes = {
	};
	objectVersion = 46;
	objects = {

/* Begin PBXBuildFile section */
		AFF559FD1CEF2AFE0048B88C /* AppDelegate.swift in Sources */ = {isa = PBXBuildFile; fileRef = AFF559FC1CEF2AFE0048B88C /* AppDelegate.swift */; };
		AFF559FF1CEF2AFE0048B88C /* ViewController.swift in Sources */ = {isa = PBXBuildFile; fileRef = AFF559FE1CEF2AFE0048B88C /* ViewController.swift */; };
		AFF55A021CEF2AFE0048B88C /* Main.storyboard in Resources */ = {isa = PBXBuildFile; fileRef = AFF55A001CEF2AFE0048B88C /* Main.storyboard */; };
		AFF55A041CEF2AFE0048B88C /* Assets.xcassets in Resources */ = {isa = PBXBuildFile; fileRef = AFF55A031CEF2AFE0048B88C /* Assets.xcassets */; };
		AFF55A071CEF2AFE0048B88C /* LaunchScreen.storyboard in Resources */ = {isa = PBXBuildFile; fileRef = AFF55A051CEF2AFE0048B88C /* LaunchScreen.storyboard */; };
/* End PBXBuildFile section */

/* Begin PBXFileReference section */
		AFF559F91CEF2AFD0048B88C /* ContactListView.app */ = {isa = PBXFileReference; explicitFileType = wrapper.application; includeInIndex = 0; path = ContactListView.app; sourceTree = BUILT_PRODUCTS_DIR; };
		AFF559FC1CEF2AFE0048B88C /* AppDelegate.swift */ = {isa = PBXFileReference; lastKnownFileType = sourcecode.swift; path = AppDelegate.swift; sourceTree = "<group>"; };
		AFF559FE1CEF2AFE0048B88C /* ViewController.swift */ = {isa = PBXFileReference; lastKnownFileType = sourcecode.swift; path = ViewController.swift; sourceTree = "<group>"; };
		AFF55A011CEF2AFE0048B88C /* Base */ = {isa = PBXFileReference; lastKnownFileType = file.storyboard; name = Base; path = Base.lproj/Main.storyboard; sourceTree = "<group>"; };
		AFF55A031CEF2AFE0048B88C /* Assets.xcassets */ = {isa = PBXFileReference; lastKnownFileType = folder.assetcatalog; path = Assets.xcassets; sourceTree = "<group>"; };
		AFF55A061CEF2AFE0048B88C /* Base */ = {isa = PBXFileReference; lastKnownFileType = file.storyboard; name = Base; path = Base.lproj/LaunchScreen.storyboard; sourceTree = "<group>"; };
		AFF55A081CEF2AFE0048B88C /* Info.plist */ = {isa = PBXFileReference; lastKnownFileType = text.plist.xml; path = Info.plist; sourceTree = "<group>"; };
/* End PBXFileReference section */

/* Begin PBXFrameworksBuildPhase section */
		AFF559F61CEF2AFD0048B88C /* Frameworks */ = {
			isa = PBXFrameworksBuildPhase;
			buildActionMask = 2147483647;
			files = (
			);
			runOnlyForDeploymentPostprocessing = 0;
		};
/* End PBXFrameworksBuildPhase section */

/* Begin PBXGroup section */
		AFF559F01CEF2AFD0048B88C = {
			isa = PBXGroup;
			children = (
				AFF559FB1CEF2AFE0048B88C /* ContactListView */,
				AFF559FA1CEF2AFE0048B88C /* Products */,
			);
			sourceTree = "<group>";
		};
		AFF559FA1CEF2AFE0048B88C /* Products */ = {
			isa = PBXGroup;
			children = (
				AFF559F91CEF2AFD0048B88C /* ContactListView.app */,
			);
			name = Products;
			sourceTree = "<group>";
		};
		AFF559FB1CEF2AFE0048B88C /* ContactListView */ = {
			isa = PBXGroup;
			children = (
				AFF559FC1CEF2AFE0048B88C /* AppDelegate.swift */,
				AFF559FE1CEF2AFE0048B88C /* ViewController.swift */,
				AFF55A001CEF2AFE0048B88C /* Main.storyboard */,
				AFF55A031CEF2AFE0048B88C /* Assets.xcassets */,
				AFF55A051CEF2AFE0048B88C /* LaunchScreen.storyboard */,
				AFF55A081CEF2AFE0048B88C /* Info.plist */,
			);
			path = ContactListView;
			sourceTree = "<group>";
		};
/* End PBXGroup section */

/* Begin PBXNativeTarget section */
		AFF559F81CEF2AFD0048B88C /* ContactListView */ = {
			isa = PBXNativeTarget;
			buildConfigurationList = AFF55A0B1CEF2AFE0048B88C /* Build configuration list for PBXNativeTarget "ContactListView" */;
			buildPhases = (
				AFF559F51CEF2AFD0048B88C /* Sources */,
				AFF559F61CEF2AFD0048B88C /* Frameworks */,
				AFF559F71CEF2AFD0048B88C /* Resources */,
			);
			buildRules = (
			);
			dependencies = (
			);
			name = ContactListView;
			productName = ContactListView;
			productReference = AFF559F91CEF2AFD0048B88C /* ContactListView.app */;
			productType = "com.apple.product-type.application";
		};
/* End PBXNativeTarget section */

/* Begin PBXProject section */
		AFF559F11CEF2AFD0048B88C /* Project object */ = {
			isa = PBXProject;
			attributes = {
				LastSwiftUpdateCheck = 0730;
				LastUpgradeCheck = 0730;
				ORGANIZATIONNAME = Master;
				TargetAttributes = {
					AFF559F81CEF2AFD0048B88C = {
						CreatedOnToolsVersion = 7.3.1;
					};
				};
			};
			buildConfigurationList = AFF559F41CEF2AFD0048B88C /* Build configuration list for PBXProject "ContactListView" */;
			compatibilityVersion = "Xcode 3.2";
			developmentRegion = English;
			hasScannedForEncodings = 0;
			knownRegions = (
				en,
				Base,
			);
			mainGroup = AFF559F01CEF2AFD0048B88C;
			productRefGroup = AFF559FA1CEF2AFE0048B88C /* Products */;
			projectDirPath = "";
			projectRoot = "";
			targets = (
				AFF559F81CEF2AFD0048B88C /* ContactListView */,
			);
		};
/* End PBXProject section */

/* Begin PBXResourcesBuildPhase section */
		AFF559F71CEF2AFD0048B88C /* Resources */ = {
			isa = PBXResourcesBuildPhase;
			buildActionMask = 2147483647;
			files = (
				AFF55A071CEF2AFE0048B88C /* LaunchScreen.storyboard in Resources */,
				AFF55A041CEF2AFE0048B88C /* Assets.xcassets in Resources */,
				AFF55A021CEF2AFE0048B88C /* Main.storyboard in Resources */,
			);
			runOnlyForDeploymentPostprocessing = 0;
		};
/* End PBXResourcesBuildPhase section */

/* Begin PBXSourcesBuildPhase section */
		AFF559F51CEF2AFD0048B88C /* Sources */ = {
			isa = PBXSourcesBuildPhase;
			buildActionMask = 2147483647;
			files = (
				AFF559FF1CEF2AFE0048B88C /* ViewController.swift in Sources */,
				AFF559FD1CEF2AFE0048B88C /* AppDelegate.swift in Sources */,
			);
			runOnlyForDeploymentPostprocessing = 0;
		};
/* End PBXSourcesBuildPhase section */

/* Begin PBXVariantGroup section */
		AFF55A001CEF2AFE0048B88C /* Main.storyboard */ = {
			isa = PBXVariantGroup;
			children = (
				AFF55A011CEF2AFE0048B88C /* Base */,
			);
			name = Main.storyboard;
			sourceTree = "<group>";
		};
		AFF55A051CEF2AFE0048B88C /* LaunchScreen.storyboard */ = {
			isa = PBXVariantGroup;
			children = (
				AFF55A061CEF2AFE0048B88C /* Base */,
			);
			name = LaunchScreen.storyboard;
			sourceTree = "<group>";
		};
/* End PBXVariantGroup section */

/* Begin XCBuildConfiguration section */
		AFF55A091CEF2AFE0048B88C /* Debug */ = {
			isa = XCBuildConfiguration;
			buildSettings = {
				ALWAYS_SEARCH_USER_PATHS = NO;
				CLANG_ANALYZER_NONNULL = YES;
				CLANG_CXX_LANGUAGE_STANDARD = "gnu++0x";
				CLANG_CXX_LIBRARY = "libc++";
				CLANG_ENABLE_MODULES = YES;
				CLANG_ENABLE_OBJC_ARC = YES;
				CLANG_WARN_BOOL_CONVERSION = YES;
				CLANG_WARN_CONSTANT_CONVERSION = YES;
				CLANG_WARN_DIRECT_OBJC_ISA_USAGE = YES_ERROR;
				CLANG_WARN_EMPTY_BODY = YES;
				CLANG_WARN_ENUM_CONVERSION = YES;
				CLANG_WARN_INT_CONVERSION = YES;
				CLANG_WARN_OBJC_ROOT_CLASS = YES_ERROR;
				CLANG_WARN_UNREACHABLE_CODE = YES;
				CLANG_WARN__DUPLICATE_METHOD_MATCH = YES;
				"CODE_SIGN_IDENTITY[sdk=iphoneos*]" = "iPhone Developer";
				COPY_PHASE_STRIP = NO;
				DEBUG_INFORMATION_FORMAT = dwarf;
				ENABLE_STRICT_OBJC_MSGSEND = YES;
				ENABLE_TESTABILITY = YES;
				GCC_C_LANGUAGE_STANDARD = gnu99;
				GCC_DYNAMIC_NO_PIC = NO;
				GCC_NO_COMMON_BLOCKS = YES;
				GCC_OPTIMIZATION_LEVEL = 0;
				GCC_PREPROCESSOR_DEFINITIONS = (
					"DEBUG=1",
					"$(inherited)",
				);
				GCC_WARN_64_TO_32_BIT_CONVERSION = YES;
				GCC_WARN_ABOUT_RETURN_TYPE = YES_ERROR;
				GCC_WARN_UNDECLARED_SELECTOR = YES;
				GCC_WARN_UNINITIALIZED_AUTOS = YES_AGGRESSIVE;
				GCC_WARN_UNUSED_FUNCTION = YES;
				GCC_WARN_UNUSED_VARIABLE = YES;
				IPHONEOS_DEPLOYMENT_TARGET = 9.3;
				MTL_ENABLE_DEBUG_INFO = YES;
				ONLY_ACTIVE_ARCH = YES;
				SDKROOT = iphoneos;
				SWIFT_OPTIMIZATION_LEVEL = "-Onone";
				TARGETED_DEVICE_FAMILY = "1,2";
			};
			name = Debug;
		};
		AFF55A0A1CEF2AFE0048B88C /* Release */ = {
			isa = XCBuildConfiguration;
			buildSettings = {
				ALWAYS_SEARCH_USER_PATHS = NO;
				CLANG_ANALYZER_NONNULL = YES;
				CLANG_CXX_LANGUAGE_STANDARD = "gnu++0x";
				CLANG_CXX_LIBRARY = "libc++";
				CLANG_ENABLE_MODULES = YES;
				CLANG_ENABLE_OBJC_ARC = YES;
				CLANG_WARN_BOOL_CONVERSION = YES;
				CLANG_WARN_CONSTANT_CONVERSION = YES;
				CLANG_WARN_DIRECT_OBJC_ISA_USAGE = YES_ERROR;
				CLANG_WARN_EMPTY_BODY = YES;
				CLANG_WARN_ENUM_CONVERSION = YES;
				CLANG_WARN_INT_CONVERSION = YES;
				CLANG_WARN_OBJC_ROOT_CLASS = YES_ERROR;
				CLANG_WARN_UNREACHABLE_CODE = YES;
				CLANG_WARN__DUPLICATE_METHOD_MATCH = YES;
				"CODE_SIGN_IDENTITY[sdk=iphoneos*]" = "iPhone Developer";
				COPY_PHASE_STRIP = NO;
				DEBUG_INFORMATION_FORMAT = "dwarf-with-dsym";
				ENABLE_NS_ASSERTIONS = NO;
				ENABLE_STRICT_OBJC_MSGSEND = YES;
				GCC_C_LANGUAGE_STANDARD = gnu99;
				GCC_NO_COMMON_BLOCKS = YES;
				GCC_WARN_64_TO_32_BIT_CONVERSION = YES;
				GCC_WARN_ABOUT_RETURN_TYPE = YES_ERROR;
				GCC_WARN_UNDECLARED_SELECTOR = YES;
				GCC_WARN_UNINITIALIZED_AUTOS = YES_AGGRESSIVE;
				GCC_WARN_UNUSED_FUNCTION = YES;
				GCC_WARN_UNUSED_VARIABLE = YES;
				IPHONEOS_DEPLOYMENT_TARGET = 9.3;
				MTL_ENABLE_DEBUG_INFO = NO;
				SDKROOT = iphoneos;
				TARGETED_DEVICE_FAMILY = "1,2";
				VALIDATE_PRODUCT = YES;
			};
			name = Release;
		};
		AFF55A0C1CEF2AFE0048B88C /* Debug */ = {
			isa = XCBuildConfiguration;
			buildSettings = {
				ASSETCATALOG_COMPILER_APPICON_NAME = AppIcon;
				INFOPLIST_FILE = ContactListView/Info.plist;
				LD_RUNPATH_SEARCH_PATHS = "$(inherited) @executable_path/Frameworks";
				PRODUCT_BUNDLE_IDENTIFIER = com.iCloudTest.ContactListView;
				PRODUCT_NAME = "$(TARGET_NAME)";
			};
			name = Debug;
		};
		AFF55A0D1CEF2AFE0048B88C /* Release */ = {
			isa = XCBuildConfiguration;
			buildSettings = {
				ASSETCATALOG_COMPILER_APPICON_NAME = AppIcon;
				INFOPLIST_FILE = ContactListView/Info.plist;
				LD_RUNPATH_SEARCH_PATHS = "$(inherited) @executable_path/Frameworks";
				PRODUCT_BUNDLE_IDENTIFIER = com.iCloudTest.ContactListView;
				PRODUCT_NAME = "$(TARGET_NAME)";
			};
			name = Release;
		};
/* End XCBuildConfiguration section */

/* Begin XCConfigurationList section */
		AFF559F41CEF2AFD0048B88C /* Build configuration list for PBXProject "ContactListView" */ = {
			isa = XCConfigurationList;
			buildConfigurations = (
				AFF55A091CEF2AFE0048B88C /* Debug */,
				AFF55A0A1CEF2AFE0048B88C /* Release */,
			);
			defaultConfigurationIsVisible = 0;
			defaultConfigurationName = Release;
		};
		AFF55A0B1CEF2AFE0048B88C /* Build configuration list for PBXNativeTarget "ContactListView" */ = {
			isa = XCConfigurationList;
			buildConfigurations = (
				AFF55A0C1CEF2AFE0048B88C /* Debug */,
				AFF55A0D1CEF2AFE0048B88C /* Release */,
			);
			defaultConfigurationIsVisible = 0;
		};
/* End XCConfigurationList section */
	};
	rootObject = AFF559F11CEF2AFD0048B88C /* Project object */;
}
